
Microsoft Visual Studio Solution File, Format Version 11.00
# Visual Studio 2010
Project("{FAE04EC0-301F-11D3-BF4B-00C04F79EFBC}") = "FeedReader", "FeedReader\FeedReader.csproj", "{2EACBF56-37D9-42B9-A424-8496FB2C91D2}"
EndProject
Project("{FAE04EC0-301F-11D3-BF4B-00C04F79EFBC}") = "FeedMiner", "FeedMiner\FeedMiner.csproj", "{090B286F-3A18-4E47-B7FD-311DA896583D}"
EndProject
Project("{FAE04EC0-301F-11D3-BF4B-00C04F79EFBC}") = "FeedClient", "FeedClient\FeedClient.csproj", "{5580D991-F9DB-4ACA-82C6-6AA813E4E1E0}"
EndProject
Global
	GlobalSection(SolutionConfigurationPlatforms) = preSolution
		Debug|Any CPU = Debug|Any CPU
		Debug|Mixed Platforms = Debug|Mixed Platforms
		Debug|x86 = Debug|x86
		Release|Any CPU = Release|Any CPU
		Release|Mixed Platforms = Release|Mixed Platforms
		Release|x86 = Release|x86
	EndGlobalSection
	GlobalSection(ProjectConfigurationPlatforms) = postSolution
		{2EACBF56-37D9-42B9-A424-8496FB2C91D2}.Debug|Any CPU.ActiveCfg = Debug|Any CPU
		{2EACBF56-37D9-42B9-A424-8496FB2C91D2}.Debug|Any CPU.Build.0 = Debug|Any CPU
		{2EACBF56-37D9-42B9-A424-8496FB2C91D2}.Debug|Mixed Platforms.ActiveCfg = Debug|Any CPU
		{2EACBF56-37D9-42B9-A424-8496FB2C91D2}.Debug|Mixed Platforms.Build.0 = Debug|Any CPU
		{2EACBF56-37D9-42B9-A424-8496FB2C91D2}.Debug|x86.ActiveCfg = Debug|Any CPU
		{2EACBF56-37D9-42B9-A424-8496FB2C91D2}.Release|Any CPU.ActiveCfg = Release|Any CPU
		{2EACBF56-37D9-42B9-A424-8496FB2C91D2}.Release|Any CPU.Build.0 = Release|Any CPU
		{2EACBF56-37D9-42B9-A424-8496FB2C91D2}.Release|Mixed Platforms.ActiveCfg = Release|Any CPU
		{2EACBF56-37D9-42B9-A424-8496FB2C91D2}.Release|Mixed Platforms.Build.0 = Release|Any CPU
		{2EACBF56-37D9-42B9-A424-8496FB2C91D2}.Release|x86.ActiveCfg = Release|Any CPU
		{090B286F-3A18-4E47-B7FD-311DA896583D}.Debug|Any CPU.ActiveCfg = Debug|x86
		{090B286F-3A18-4E47-B7FD-311DA896583D}.Debug|Mixed Platforms.ActiveCfg = Debug|x86
		{090B286F-3A18-4E47-B7FD-311DA896583D}.Debug|Mixed Platforms.Build.0 = Debug|x86
		{090B286F-3A18-4E47-B7FD-311DA896583D}.Debug|x86.ActiveCfg = Debug|x86
		{090B286F-3A18-4E47-B7FD-311DA896583D}.Debug|x86.Build.0 = Debug|x86
		{090B286F-3A18-4E47-B7FD-311DA896583D}.Release|Any CPU.ActiveCfg = Release|x86
		{090B286F-3A18-4E47-B7FD-311DA896583D}.Release|Mixed Platforms.ActiveCfg = Release|x86
		{090B286F-3A18-4E47-B7FD-311DA896583D}.Release|Mixed Platforms.Build.0 = Release|x86
		{090B286F-3A18-4E47-B7FD-311DA896583D}.Release|x86.ActiveCfg = Release|x86
		{090B286F-3A18-4E47-B7FD-311DA896583D}.Release|x86.Build.0 = Release|x86
		{5580D991-F9DB-4ACA-82C6-6AA813E4E1E0}.Debug|Any CPU.ActiveCfg = Debug|x86
		{5580D991-F9DB-4ACA-82C6-6AA813E4E1E0}.Debug|Mixed Platforms.ActiveCfg = Debug|x86
		{5580D991-F9DB-4ACA-82C6-6AA813E4E1E0}.Debug|Mixed Platforms.Build.0 = Debug|x86
		{5580D991-F9DB-4ACA-82C6-6AA813E4E1E0}.Debug|x86.ActiveCfg = Debug|x86
		{5580D991-F9DB-4ACA-82C6-6AA813E4E1E0}.Debug|x86.Build.0 = Debug|x86
		{5580D991-F9DB-4ACA-82C6-6AA813E4E1E0}.Release|Any CPU.ActiveCfg = Release|x86
		{5580D991-F9DB-4ACA-82C6-6AA813E4E1E0}.Release|Mixed Platforms.ActiveCfg = Release|x86
		{5580D991-F9DB-4ACA-82C6-6AA813E4E1E0}.Release|Mixed Platforms.Build.0 = Release|x86
		{5580D991-F9DB-4ACA-82C6-6AA813E4E1E0}.Release|x86.ActiveCfg = Release|x86
		{5580D991-F9DB-4ACA-82C6-6AA813E4E1E0}.Release|x86.Build.0 = Release|x86
	EndGlobalSection
	GlobalSection(SolutionProperties) = preSolution
		HideSolutionNode = FALSE
	EndGlobalSection
EndGlobal
